{
  "version": 4,
  "terraform_version": "1.14.3",
  "serial": 5,
  "lineage": "3c0190c7-70d3-300d-3fe8-04873fb060ea",
  "outputs": {
    "cluster_ids": {
      "value": {
        "cluster_01": "0101-161432-rfu8ym5e",
        "cluster_02": "0101-161432-6s6zldl2"
      },
      "type": [
        "object",
        {
          "cluster_01": "string",
          "cluster_02": "string"
        }
      ]
    },
    "schema_names": {
      "value": [],
      "type": [
        "tuple",
        []
      ]
    },
    "sql_warehouse_id": {
      "value": "Disabled",
      "type": "string"
    }
  },
  "resources": [
    {
      "mode": "data",
      "type": "local_file",
      "name": "user_names",
      "provider": "provider[\"registry.terraform.io/hashicorp/local\"]",
      "instances": [
        {
          "schema_version": 0,
          "attributes": {
            "content": "user1, user2, user3, user4\nhila.litvak@campus.technion.ac.il,maayan.sadeh@campus.technion.ac.il,rona.lavi@campus.technion.ac.il,\nariel.frid@campus.technion.ac.il,yuval.altman@campus.technion.ac.il,efratsupp@technion.ac.il,\n",
            "content_base64": "dXNlcjEsIHVzZXIyLCB1c2VyMywgdXNlcjQKaGlsYS5saXR2YWtAY2FtcHVzLnRlY2huaW9uLmFjLmlsLG1hYXlhbi5zYWRlaEBjYW1wdXMudGVjaG5pb24uYWMuaWwscm9uYS5sYXZpQGNhbXB1cy50ZWNobmlvbi5hYy5pbCwKYXJpZWwuZnJpZEBjYW1wdXMudGVjaG5pb24uYWMuaWwseXV2YWwuYWx0bWFuQGNhbXB1cy50ZWNobmlvbi5hYy5pbCxlZnJhdHN1cHBAdGVjaG5pb24uYWMuaWwsCg==",
            "content_base64sha256": "5vOGbICa2a2HlpNu8SQguzosUPFl+izV+29DJSmkRUk=",
            "content_base64sha512": "VPASzq0bHUKHyFYtO6JAnxyy6h+snFXpwdF8+MnMf8An1tKS8MprqnEH9JRwkNQ1ffe9a7opAQ+DysKxZ2MfKw==",
            "content_md5": "9c385d33748aee8c531c2f71b38b62b6",
            "content_sha1": "eff928f08f6ceedb4489aedd3a5852e4604d7e98",
            "content_sha256": "e6f3866c809ad9ad8796936ef12420bb3a2c50f165fa2cd5fb6f432529a44549",
            "content_sha512": "54f012cead1b1d4287c8562d3ba2409f1cb2ea1fac9c55e9c1d17cf8c9cc7fc027d6d292f0ca6baa7107f4947090d4357df7bd6bba29010f83cac2b167631f2b",
            "filename": "./users.csv",
            "id": "eff928f08f6ceedb4489aedd3a5852e4604d7e98"
          },
          "sensitive_attributes": [],
          "identity_schema_version": 0
        }
      ]
    },
    {
      "mode": "managed",
      "type": "databricks_cluster",
      "name": "clusters",
      "provider": "provider[\"registry.terraform.io/databricks/databricks\"]",
      "instances": [
        {
          "index_key": "cluster_01",
          "schema_version": 4,
          "attributes": {
            "apply_policy_default_values": null,
            "autoscale": [
              {
                "max_workers": 4,
                "min_workers": 1
              }
            ],
            "autotermination_minutes": 20,
            "aws_attributes": [],
            "azure_attributes": [
              {
                "availability": "ON_DEMAND_AZURE",
                "first_on_demand": 1,
                "log_analytics_info": [],
                "spot_bid_max_price": -1
              }
            ],
            "cluster_id": "0101-161432-rfu8ym5e",
            "cluster_log_conf": [
              {
                "dbfs": [
                  {
                    "destination": "dbfs:/cluster-logs"
                  }
                ],
                "s3": []
              }
            ],
            "cluster_mount_info": [],
            "cluster_name": "cluster_01",
            "custom_tags": {
              "origin": "terraform"
            },
            "data_security_mode": "NONE",
            "default_tags": {
              "ClusterId": "0101-161432-rfu8ym5e",
              "ClusterName": "cluster_01",
              "Creator": "cnoam@technion.ac.il",
              "Vendor": "Databricks"
            },
            "docker_image": [],
            "driver_instance_pool_id": null,
            "driver_node_type_id": "Standard_DS3_v2",
            "enable_elastic_disk": true,
            "enable_local_disk_encryption": false,
            "gcp_attributes": [],
            "id": "0101-161432-rfu8ym5e",
            "idempotency_token": null,
            "init_scripts": [],
            "instance_pool_id": null,
            "is_pinned": true,
            "is_single_node": false,
            "kind": null,
            "library": [],
            "no_wait": null,
            "node_type_id": "Standard_DS3_v2",
            "num_workers": 0,
            "policy_id": null,
            "runtime_engine": "STANDARD",
            "single_user_name": null,
            "spark_conf": {},
            "spark_env_vars": {
              "PYSPARK_PYTHON": "/databricks/python3/bin/python3"
            },
            "spark_version": "15.4.x-cpu-ml-scala2.12",
            "ssh_public_keys": [],
            "state": "TERMINATED",
            "timeouts": null,
            "url": "https://adb-7405617061350271.11.azuredatabricks.net/#setting/clusters/0101-161432-rfu8ym5e/configuration",
            "use_ml_runtime": false,
            "workload_type": []
          },
          "sensitive_attributes": [],
          "identity_schema_version": 0,
          "private": "eyJlMmJmYjczMC1lY2FhLTExZTYtOGY4OC0zNDM2M2JjN2M0YzAiOnsiY3JlYXRlIjoxODAwMDAwMDAwMDAwLCJkZWxldGUiOjE4MDAwMDAwMDAwMDAsInVwZGF0ZSI6MTgwMDAwMDAwMDAwMH0sInNjaGVtYV92ZXJzaW9uIjoiNCJ9",
          "dependencies": [
            "data.local_file.user_names"
          ]
        },
        {
          "index_key": "cluster_02",
          "schema_version": 4,
          "attributes": {
            "apply_policy_default_values": null,
            "autoscale": [
              {
                "max_workers": 4,
                "min_workers": 1
              }
            ],
            "autotermination_minutes": 20,
            "aws_attributes": [],
            "azure_attributes": [
              {
                "availability": "ON_DEMAND_AZURE",
                "first_on_demand": 1,
                "log_analytics_info": [],
                "spot_bid_max_price": -1
              }
            ],
            "cluster_id": "0101-161432-6s6zldl2",
            "cluster_log_conf": [
              {
                "dbfs": [
                  {
                    "destination": "dbfs:/cluster-logs"
                  }
                ],
                "s3": []
              }
            ],
            "cluster_mount_info": [],
            "cluster_name": "cluster_02",
            "custom_tags": {
              "origin": "terraform"
            },
            "data_security_mode": "NONE",
            "default_tags": {
              "ClusterId": "0101-161432-6s6zldl2",
              "ClusterName": "cluster_02",
              "Creator": "cnoam@technion.ac.il",
              "Vendor": "Databricks"
            },
            "docker_image": [],
            "driver_instance_pool_id": null,
            "driver_node_type_id": "Standard_DS3_v2",
            "enable_elastic_disk": true,
            "enable_local_disk_encryption": false,
            "gcp_attributes": [],
            "id": "0101-161432-6s6zldl2",
            "idempotency_token": null,
            "init_scripts": [],
            "instance_pool_id": null,
            "is_pinned": true,
            "is_single_node": false,
            "kind": null,
            "library": [],
            "no_wait": null,
            "node_type_id": "Standard_DS3_v2",
            "num_workers": 0,
            "policy_id": null,
            "runtime_engine": "STANDARD",
            "single_user_name": null,
            "spark_conf": {},
            "spark_env_vars": {
              "PYSPARK_PYTHON": "/databricks/python3/bin/python3"
            },
            "spark_version": "15.4.x-cpu-ml-scala2.12",
            "ssh_public_keys": [],
            "state": "TERMINATED",
            "timeouts": null,
            "url": "https://adb-7405617061350271.11.azuredatabricks.net/#setting/clusters/0101-161432-6s6zldl2/configuration",
            "use_ml_runtime": false,
            "workload_type": []
          },
          "sensitive_attributes": [],
          "identity_schema_version": 0,
          "private": "eyJlMmJmYjczMC1lY2FhLTExZTYtOGY4OC0zNDM2M2JjN2M0YzAiOnsiY3JlYXRlIjoxODAwMDAwMDAwMDAwLCJkZWxldGUiOjE4MDAwMDAwMDAwMDAsInVwZGF0ZSI6MTgwMDAwMDAwMDAwMH0sInNjaGVtYV92ZXJzaW9uIjoiNCJ9",
          "dependencies": [
            "data.local_file.user_names"
          ]
        }
      ]
    },
    {
      "mode": "managed",
      "type": "databricks_cluster_policy",
      "name": "personal_compute",
      "provider": "provider[\"registry.terraform.io/databricks/databricks\"]",
      "instances": [
        {
          "schema_version": 1,
          "attributes": {
            "definition": "{\n  \"node_type_id\" : {\n    \"type\" : \"forbidden\"\n  },\n  \"spark_version\" : {\n    \"type\" : \"unlimited\",\n    \"defaultValue\" : \"auto:latest-ml\"\n  },\n  \"runtime_engine\" : {\n    \"type\" : \"fixed\",\n    \"value\" : \"STANDARD\",\n    \"hidden\" : true\n  },\n  \"num_workers\" : {\n    \"type\" : \"fixed\",\n    \"value\" : 0,\n    \"hidden\" : true\n  },\n  \"data_security_mode\" : {\n    \"type\" : \"allowlist\",\n    \"values\" : [ \"SINGLE_USER\", \"LEGACY_SINGLE_USER\", \"LEGACY_SINGLE_USER_STANDARD\" ],\n    \"defaultValue\" : \"SINGLE_USER\",\n    \"hidden\" : true\n  },\n  \"driver_instance_pool_id\" : {\n    \"type\" : \"forbidden\",\n    \"hidden\" : true\n  },\n  \"cluster_type\" : {\n    \"type\" : \"fixed\",\n    \"value\" : \"all-purpose\"\n  },\n  \"instance_pool_id\" : {\n    \"type\" : \"forbidden\",\n    \"hidden\" : true\n  },\n  \"azure_attributes.availability\" : {\n    \"type\" : \"fixed\",\n    \"value\" : \"ON_DEMAND_AZURE\",\n    \"hidden\" : true\n  },\n  \"spark_conf.spark.databricks.cluster.profile\" : {\n    \"type\" : \"fixed\",\n    \"value\" : \"singleNode\",\n    \"hidden\" : true\n  },\n  \"autotermination_minutes\" : {\n    \"type\" : \"unlimited\",\n    \"defaultValue\" : 4320,\n    \"isOptional\" : true\n  }\n}",
            "description": "NC use with small-to-medium data or libraries like pandas and scikit-learn. Spark runs in local mode.",
            "id": "00042D5FCB7141DF",
            "libraries": [],
            "max_clusters_per_user": 0,
            "name": "Personal Compute",
            "policy_family_definition_overrides": "{\"node_type_id\":{\"type\":\"forbidden\"}}",
            "policy_family_id": "personal-vm",
            "policy_id": "00042D5FCB7141DF"
          },
          "sensitive_attributes": [],
          "identity_schema_version": 0,
          "private": "eyJzY2hlbWFfdmVyc2lvbiI6IjEifQ=="
        }
      ]
    },
    {
      "mode": "managed",
      "type": "databricks_group",
      "name": "all_student_groups",
      "provider": "provider[\"registry.terraform.io/databricks/databricks\"]",
      "instances": [
        {
          "schema_version": 0,
          "attributes": {
            "acl_principal_id": "groups/all_student_groups",
            "allow_cluster_create": false,
            "allow_instance_pool_create": false,
            "databricks_sql_access": true,
            "display_name": "all_student_groups",
            "external_id": "",
            "force": null,
            "id": "2127969530850826",
            "url": "https://adb-7405617061350271.11.azuredatabricks.net/#setting/accounts/groups/2127969530850826",
            "workspace_access": true
          },
          "sensitive_attributes": [],
          "identity_schema_version": 0,
          "private": "bnVsbA=="
        }
      ]
    },
    {
      "mode": "managed",
      "type": "databricks_group",
      "name": "student_groups",
      "provider": "provider[\"registry.terraform.io/databricks/databricks\"]",
      "instances": [
        {
          "index_key": "group_01",
          "schema_version": 0,
          "attributes": {
            "acl_principal_id": "groups/group_01",
            "allow_cluster_create": false,
            "allow_instance_pool_create": false,
            "databricks_sql_access": false,
            "display_name": "group_01",
            "external_id": "",
            "force": null,
            "id": "2125359387816416",
            "url": "https://adb-7405617061350271.11.azuredatabricks.net/#setting/accounts/groups/2125359387816416",
            "workspace_access": false
          },
          "sensitive_attributes": [],
          "identity_schema_version": 0,
          "private": "bnVsbA==",
          "dependencies": [
            "data.local_file.user_names"
          ]
        },
        {
          "index_key": "group_02",
          "schema_version": 0,
          "attributes": {
            "acl_principal_id": "groups/group_02",
            "allow_cluster_create": false,
            "allow_instance_pool_create": false,
            "databricks_sql_access": false,
            "display_name": "group_02",
            "external_id": "",
            "force": null,
            "id": "2123173771850591",
            "url": "https://adb-7405617061350271.11.azuredatabricks.net/#setting/accounts/groups/2123173771850591",
            "workspace_access": false
          },
          "sensitive_attributes": [],
          "identity_schema_version": 0,
          "private": "bnVsbA==",
          "dependencies": [
            "data.local_file.user_names"
          ]
        }
      ]
    },
    {
      "mode": "managed",
      "type": "databricks_group_member",
      "name": "all_students_group_assignment",
      "provider": "provider[\"registry.terraform.io/databricks/databricks\"]",
      "instances": [
        {
          "index_key": "group_01",
          "schema_version": 0,
          "attributes": {
            "group_id": "2127969530850826",
            "id": "2127969530850826|2125359387816416",
            "member_id": "2125359387816416"
          },
          "sensitive_attributes": [],
          "identity_schema_version": 0,
          "private": "bnVsbA==",
          "dependencies": [
            "data.local_file.user_names",
            "databricks_group.all_student_groups",
            "databricks_group.student_groups"
          ]
        },
        {
          "index_key": "group_02",
          "schema_version": 0,
          "attributes": {
            "group_id": "2127969530850826",
            "id": "2127969530850826|2123173771850591",
            "member_id": "2123173771850591"
          },
          "sensitive_attributes": [],
          "identity_schema_version": 0,
          "private": "bnVsbA==",
          "dependencies": [
            "data.local_file.user_names",
            "databricks_group.all_student_groups",
            "databricks_group.student_groups"
          ]
        }
      ]
    },
    {
      "mode": "managed",
      "type": "databricks_group_member",
      "name": "student_assignments",
      "provider": "provider[\"registry.terraform.io/databricks/databricks\"]",
      "instances": [
        {
          "index_key": "group_01_hila.litvak@campus.technion.ac.il",
          "schema_version": 0,
          "attributes": {
            "group_id": "2125359387816416",
            "id": "2125359387816416|6870217002505198",
            "member_id": "6870217002505198"
          },
          "sensitive_attributes": [],
          "identity_schema_version": 0,
          "private": "bnVsbA==",
          "dependencies": [
            "data.local_file.user_names",
            "databricks_group.student_groups",
            "databricks_user.workspace_user"
          ]
        },
        {
          "index_key": "group_01_maayan.sadeh@campus.technion.ac.il",
          "schema_version": 0,
          "attributes": {
            "group_id": "2125359387816416",
            "id": "2125359387816416|7573602071280519",
            "member_id": "7573602071280519"
          },
          "sensitive_attributes": [],
          "identity_schema_version": 0,
          "private": "bnVsbA==",
          "dependencies": [
            "data.local_file.user_names",
            "databricks_group.student_groups",
            "databricks_user.workspace_user"
          ]
        },
        {
          "index_key": "group_01_rona.lavi@campus.technion.ac.il",
          "schema_version": 0,
          "attributes": {
            "group_id": "2125359387816416",
            "id": "2125359387816416|4187704193486600",
            "member_id": "4187704193486600"
          },
          "sensitive_attributes": [],
          "identity_schema_version": 0,
          "private": "bnVsbA==",
          "dependencies": [
            "data.local_file.user_names",
            "databricks_group.student_groups",
            "databricks_user.workspace_user"
          ]
        },
        {
          "index_key": "group_02_ariel.frid@campus.technion.ac.il",
          "schema_version": 0,
          "attributes": {
            "group_id": "2123173771850591",
            "id": "2123173771850591|263880884037068",
            "member_id": "263880884037068"
          },
          "sensitive_attributes": [],
          "identity_schema_version": 0,
          "private": "bnVsbA==",
          "dependencies": [
            "data.local_file.user_names",
            "databricks_group.student_groups",
            "databricks_user.workspace_user"
          ]
        },
        {
          "index_key": "group_02_efratsupp@technion.ac.il",
          "schema_version": 0,
          "attributes": {
            "group_id": "2123173771850591",
            "id": "2123173771850591|5396295762001949",
            "member_id": "5396295762001949"
          },
          "sensitive_attributes": [],
          "identity_schema_version": 0,
          "private": "bnVsbA==",
          "dependencies": [
            "data.local_file.user_names",
            "databricks_group.student_groups",
            "databricks_user.workspace_user"
          ]
        },
        {
          "index_key": "group_02_yuval.altman@campus.technion.ac.il",
          "schema_version": 0,
          "attributes": {
            "group_id": "2123173771850591",
            "id": "2123173771850591|1058512377551202",
            "member_id": "1058512377551202"
          },
          "sensitive_attributes": [],
          "identity_schema_version": 0,
          "private": "bnVsbA==",
          "dependencies": [
            "data.local_file.user_names",
            "databricks_group.student_groups",
            "databricks_user.workspace_user"
          ]
        }
      ]
    },
    {
      "mode": "managed",
      "type": "databricks_library",
      "name": "maven_library",
      "provider": "provider[\"registry.terraform.io/databricks/databricks\"]",
      "instances": [
        {
          "index_key": "cluster_01_spark_nlp",
          "schema_version": 0,
          "attributes": {
            "cluster_id": "0101-161432-rfu8ym5e",
            "cran": [],
            "egg": null,
            "id": null,
            "jar": null,
            "maven": [
              {
                "coordinates": "com.johnsnowlabs.nlp:spark-nlp_2.12:5.5.2",
                "exclusions": null,
                "repo": "https://maven.johnsnowlabs.com"
              }
            ],
            "pypi": [],
            "requirements": null,
            "whl": null
          },
          "sensitive_attributes": [],
          "identity_schema_version": 0,
          "dependencies": [
            "data.local_file.user_names",
            "databricks_cluster.clusters"
          ]
        },
        {
          "index_key": "cluster_02_spark_nlp",
          "schema_version": 0,
          "attributes": {
            "cluster_id": "0101-161432-6s6zldl2",
            "cran": [],
            "egg": null,
            "id": null,
            "jar": null,
            "maven": [
              {
                "coordinates": "com.johnsnowlabs.nlp:spark-nlp_2.12:5.5.2",
                "exclusions": null,
                "repo": "https://maven.johnsnowlabs.com"
              }
            ],
            "pypi": [],
            "requirements": null,
            "whl": null
          },
          "sensitive_attributes": [],
          "identity_schema_version": 0,
          "dependencies": [
            "data.local_file.user_names",
            "databricks_cluster.clusters"
          ]
        }
      ]
    },
    {
      "mode": "managed",
      "type": "databricks_permissions",
      "name": "cluster_permissions",
      "provider": "provider[\"registry.terraform.io/databricks/databricks\"]",
      "instances": [
        {
          "index_key": "group_01",
          "schema_version": 0,
          "attributes": {
            "access_control": [
              {
                "group_name": "group_01",
                "permission_level": "CAN_RESTART",
                "service_principal_name": "",
                "user_name": ""
              }
            ],
            "app_name": null,
            "authorization": null,
            "cluster_id": "0101-161432-rfu8ym5e",
            "cluster_policy_id": null,
            "dashboard_id": null,
            "directory_id": null,
            "directory_path": null,
            "experiment_id": null,
            "id": "/clusters/0101-161432-rfu8ym5e",
            "instance_pool_id": null,
            "job_id": null,
            "notebook_id": null,
            "notebook_path": null,
            "object_type": "cluster",
            "pipeline_id": null,
            "registered_model_id": null,
            "repo_id": null,
            "repo_path": null,
            "serving_endpoint_id": null,
            "sql_alert_id": null,
            "sql_dashboard_id": null,
            "sql_endpoint_id": null,
            "sql_query_id": null,
            "vector_search_endpoint_id": null,
            "workspace_file_id": null,
            "workspace_file_path": null
          },
          "sensitive_attributes": [],
          "identity_schema_version": 0,
          "private": "bnVsbA==",
          "dependencies": [
            "data.local_file.user_names",
            "databricks_cluster.clusters",
            "databricks_group.student_groups"
          ]
        },
        {
          "index_key": "group_02",
          "schema_version": 0,
          "attributes": {
            "access_control": [
              {
                "group_name": "group_02",
                "permission_level": "CAN_RESTART",
                "service_principal_name": "",
                "user_name": ""
              }
            ],
            "app_name": null,
            "authorization": null,
            "cluster_id": "0101-161432-6s6zldl2",
            "cluster_policy_id": null,
            "dashboard_id": null,
            "directory_id": null,
            "directory_path": null,
            "experiment_id": null,
            "id": "/clusters/0101-161432-6s6zldl2",
            "instance_pool_id": null,
            "job_id": null,
            "notebook_id": null,
            "notebook_path": null,
            "object_type": "cluster",
            "pipeline_id": null,
            "registered_model_id": null,
            "repo_id": null,
            "repo_path": null,
            "serving_endpoint_id": null,
            "sql_alert_id": null,
            "sql_dashboard_id": null,
            "sql_endpoint_id": null,
            "sql_query_id": null,
            "vector_search_endpoint_id": null,
            "workspace_file_id": null,
            "workspace_file_path": null
          },
          "sensitive_attributes": [],
          "identity_schema_version": 0,
          "private": "bnVsbA==",
          "dependencies": [
            "data.local_file.user_names",
            "databricks_cluster.clusters",
            "databricks_group.student_groups"
          ]
        }
      ]
    },
    {
      "mode": "managed",
      "type": "databricks_user",
      "name": "workspace_user",
      "provider": "provider[\"registry.terraform.io/databricks/databricks\"]",
      "instances": [
        {
          "index_key": "ariel.frid@campus.technion.ac.il",
          "schema_version": 0,
          "attributes": {
            "acl_principal_id": "users/ariel.frid@campus.technion.ac.il",
            "active": true,
            "allow_cluster_create": false,
            "allow_instance_pool_create": false,
            "databricks_sql_access": false,
            "disable_as_user_deletion": null,
            "display_name": "ariel.frid@campus.technion.ac.il",
            "external_id": "f1270d66-cbdd-4a86-b3cd-0ce43e78fce6",
            "force": null,
            "force_delete_home_dir": null,
            "force_delete_repos": null,
            "home": "/Users/ariel.frid@campus.technion.ac.il",
            "id": "263880884037068",
            "repos": "/Repos/ariel.frid@campus.technion.ac.il",
            "user_name": "ariel.frid@campus.technion.ac.il",
            "workspace_access": false
          },
          "sensitive_attributes": [],
          "identity_schema_version": 0,
          "private": "bnVsbA==",
          "dependencies": [
            "data.local_file.user_names"
          ]
        },
        {
          "index_key": "efratsupp@technion.ac.il",
          "schema_version": 0,
          "attributes": {
            "acl_principal_id": "users/efratsupp@technion.ac.il",
            "active": true,
            "allow_cluster_create": false,
            "allow_instance_pool_create": false,
            "databricks_sql_access": false,
            "disable_as_user_deletion": null,
            "display_name": "",
            "external_id": "ec67b7a4-86d2-49b0-8a6b-69bbdc36aee8",
            "force": null,
            "force_delete_home_dir": null,
            "force_delete_repos": null,
            "home": "/Users/efratsupp@technion.ac.il",
            "id": "5396295762001949",
            "repos": "/Repos/efratsupp@technion.ac.il",
            "user_name": "efratsupp@technion.ac.il",
            "workspace_access": false
          },
          "sensitive_attributes": [],
          "identity_schema_version": 0,
          "private": "bnVsbA==",
          "dependencies": [
            "data.local_file.user_names"
          ]
        },
        {
          "index_key": "hila.litvak@campus.technion.ac.il",
          "schema_version": 0,
          "attributes": {
            "acl_principal_id": "users/hila.litvak@campus.technion.ac.il",
            "active": true,
            "allow_cluster_create": false,
            "allow_instance_pool_create": false,
            "databricks_sql_access": false,
            "disable_as_user_deletion": null,
            "display_name": "hila.litvak@campus.technion.ac.il",
            "external_id": "136c5c7f-0243-4de3-980a-beaec247089d",
            "force": null,
            "force_delete_home_dir": null,
            "force_delete_repos": null,
            "home": "/Users/hila.litvak@campus.technion.ac.il",
            "id": "6870217002505198",
            "repos": "/Repos/hila.litvak@campus.technion.ac.il",
            "user_name": "hila.litvak@campus.technion.ac.il",
            "workspace_access": false
          },
          "sensitive_attributes": [],
          "identity_schema_version": 0,
          "private": "bnVsbA==",
          "dependencies": [
            "data.local_file.user_names"
          ]
        },
        {
          "index_key": "maayan.sadeh@campus.technion.ac.il",
          "schema_version": 0,
          "attributes": {
            "acl_principal_id": "users/maayan.sadeh@campus.technion.ac.il",
            "active": true,
            "allow_cluster_create": false,
            "allow_instance_pool_create": false,
            "databricks_sql_access": false,
            "disable_as_user_deletion": null,
            "display_name": "maayan.sadeh@campus.technion.ac.il",
            "external_id": "630a1e39-6bf3-40a5-aa9d-613de7ac3011",
            "force": null,
            "force_delete_home_dir": null,
            "force_delete_repos": null,
            "home": "/Users/maayan.sadeh@campus.technion.ac.il",
            "id": "7573602071280519",
            "repos": "/Repos/maayan.sadeh@campus.technion.ac.il",
            "user_name": "maayan.sadeh@campus.technion.ac.il",
            "workspace_access": false
          },
          "sensitive_attributes": [],
          "identity_schema_version": 0,
          "private": "bnVsbA==",
          "dependencies": [
            "data.local_file.user_names"
          ]
        },
        {
          "index_key": "rona.lavi@campus.technion.ac.il",
          "schema_version": 0,
          "attributes": {
            "acl_principal_id": "users/rona.lavi@campus.technion.ac.il",
            "active": true,
            "allow_cluster_create": false,
            "allow_instance_pool_create": false,
            "databricks_sql_access": false,
            "disable_as_user_deletion": null,
            "display_name": "rona.lavi@campus.technion.ac.il",
            "external_id": "d69b9440-d10c-45c5-a1fd-1d62033724f8",
            "force": null,
            "force_delete_home_dir": null,
            "force_delete_repos": null,
            "home": "/Users/rona.lavi@campus.technion.ac.il",
            "id": "4187704193486600",
            "repos": "/Repos/rona.lavi@campus.technion.ac.il",
            "user_name": "rona.lavi@campus.technion.ac.il",
            "workspace_access": false
          },
          "sensitive_attributes": [],
          "identity_schema_version": 0,
          "private": "bnVsbA==",
          "dependencies": [
            "data.local_file.user_names"
          ]
        },
        {
          "index_key": "yuval.altman@campus.technion.ac.il",
          "schema_version": 0,
          "attributes": {
            "acl_principal_id": "users/yuval.altman@campus.technion.ac.il",
            "active": true,
            "allow_cluster_create": false,
            "allow_instance_pool_create": false,
            "databricks_sql_access": false,
            "disable_as_user_deletion": null,
            "display_name": "yuval.altman@campus.technion.ac.il",
            "external_id": "da64401e-8ed4-42a8-afb5-7fba142d6ec9",
            "force": null,
            "force_delete_home_dir": null,
            "force_delete_repos": null,
            "home": "/Users/yuval.altman@campus.technion.ac.il",
            "id": "1058512377551202",
            "repos": "/Repos/yuval.altman@campus.technion.ac.il",
            "user_name": "yuval.altman@campus.technion.ac.il",
            "workspace_access": false
          },
          "sensitive_attributes": [],
          "identity_schema_version": 0,
          "private": "bnVsbA==",
          "dependencies": [
            "data.local_file.user_names"
          ]
        }
      ]
    },
    {
      "mode": "managed",
      "type": "null_resource",
      "name": "terminate_clusters",
      "provider": "provider[\"registry.terraform.io/hashicorp/null\"]",
      "instances": [
        {
          "index_key": "cluster_01",
          "schema_version": 0,
          "attributes": {
            "id": "778437785713365476",
            "triggers": null
          },
          "sensitive_attributes": [],
          "identity_schema_version": 0,
          "dependencies": [
            "data.local_file.user_names",
            "databricks_cluster.clusters",
            "databricks_library.maven_library",
            "databricks_library.python_library"
          ]
        },
        {
          "index_key": "cluster_02",
          "schema_version": 0,
          "attributes": {
            "id": "4623996247114076988",
            "triggers": null
          },
          "sensitive_attributes": [],
          "identity_schema_version": 0,
          "dependencies": [
            "data.local_file.user_names",
            "databricks_cluster.clusters",
            "databricks_library.maven_library",
            "databricks_library.python_library"
          ]
        }
      ]
    },
    {
      "mode": "managed",
      "type": "terraform_data",
      "name": "workspace_validation",
      "provider": "provider[\"terraform.io/builtin/terraform\"]",
      "instances": [
        {
          "schema_version": 0,
          "attributes": {
            "id": "4d885b02-90a2-baf3-9087-4bdeebe423a1",
            "input": null,
            "output": null,
            "triggers_replace": null
          },
          "sensitive_attributes": [],
          "identity_schema_version": 0
        }
      ]
    }
  ],
  "check_results": [
    {
      "object_kind": "resource",
      "config_addr": "terraform_data.workspace_validation",
      "status": "pass",
      "objects": [
        {
          "object_addr": "terraform_data.workspace_validation",
          "status": "pass"
        }
      ]
    }
  ]
}

